
Microsoft Visual Studio Solution File, Format Version 12.00
# Visual Studio Version 17
VisualStudioVersion = 17.6.33723.286
MinimumVisualStudioVersion = 10.0.40219.1
Project("{FAE04EC0-301F-11D3-BF4B-00C04F79EFBC}") = "Minesweeper", "Minesweeper\Minesweeper.csproj", "{ACE77B17-472D-47D6-BEEC-7DA6F83E5FB0}"
EndProject
Global
	GlobalSection(SolutionConfigurationPlatforms) = preSolution
		Debug|Any CPU = Debug|Any CPU
		Release|Any CPU = Release|Any CPU
	EndGlobalSection
	GlobalSection(ProjectConfigurationPlatforms) = postSolution
		{ACE77B17-472D-47D6-BEEC-7DA6F83E5FB0}.Debug|Any CPU.ActiveCfg = Debug|Any CPU
		{ACE77B17-472D-47D6-BEEC-7DA6F83E5FB0}.Debug|Any CPU.Build.0 = Debug|Any CPU
		{ACE77B17-472D-47D6-BEEC-7DA6F83E5FB0}.Release|Any CPU.ActiveCfg = Release|Any CPU
		{ACE77B17-472D-47D6-BEEC-7DA6F83E5FB0}.Release|Any CPU.Build.0 = Release|Any CPU
	EndGlobalSection
	GlobalSection(SolutionProperties) = preSolution
		HideSolutionNode = FALSE
	EndGlobalSection
	GlobalSection(ExtensibilityGlobals) = postSolution
		SolutionGuid = {F06A9CF7-9F54-4F2A-96A3-E912687F68CE}
	EndGlobalSection
EndGlobal
